
Microsoft Visual Studio Solution File, Format Version 12.00
# Visual Studio 14
VisualStudioVersion = 14.0.25420.1
MinimumVisualStudioVersion = 10.0.40219.1
Project("{2150E333-8FDC-42A3-9474-1A3956D46DE8}") = "src", "src", "{2DDE221D-9527-4F78-9A9B-11725FAEDCD3}"
EndProject
Project("{2150E333-8FDC-42A3-9474-1A3956D46DE8}") = "Solution Items", "Solution Items", "{6537CD2E-7FA8-419A-A98F-5F133480337F}"
	ProjectSection(SolutionItems) = preProject
		global.json = global.json
	EndProjectSection
EndProject
Project("{8BB2217D-0F2D-49D1-97BC-3654ED321F3B}") = "Directives", "src\Directives\Directives.xproj", "{BAF690FE-BFA0-4E61-9DE0-DCD9F1DCF2F8}"
EndProject
Project("{8BB2217D-0F2D-49D1-97BC-3654ED321F3B}") = "Errors", "src\Errors\Errors.xproj", "{ED74D72B-922B-4AD4-A6A2-1F9101361FFA}"
EndProject
Project("{8BB2217D-0F2D-49D1-97BC-3654ED321F3B}") = "Ambiguities", "src\Ambiguities\Ambiguities.xproj", "{5F29F3F7-2F9C-45B8-9E07-2C896D4D0D5E}"
EndProject
Global
	GlobalSection(SolutionConfigurationPlatforms) = preSolution
		Debug|Any CPU = Debug|Any CPU
		Release|Any CPU = Release|Any CPU
	EndGlobalSection
	GlobalSection(ProjectConfigurationPlatforms) = postSolution
		{BAF690FE-BFA0-4E61-9DE0-DCD9F1DCF2F8}.Debug|Any CPU.ActiveCfg = Debug|Any CPU
		{BAF690FE-BFA0-4E61-9DE0-DCD9F1DCF2F8}.Debug|Any CPU.Build.0 = Debug|Any CPU
		{BAF690FE-BFA0-4E61-9DE0-DCD9F1DCF2F8}.Release|Any CPU.ActiveCfg = Release|Any CPU
		{BAF690FE-BFA0-4E61-9DE0-DCD9F1DCF2F8}.Release|Any CPU.Build.0 = Release|Any CPU
		{ED74D72B-922B-4AD4-A6A2-1F9101361FFA}.Debug|Any CPU.ActiveCfg = Debug|Any CPU
		{ED74D72B-922B-4AD4-A6A2-1F9101361FFA}.Debug|Any CPU.Build.0 = Debug|Any CPU
		{ED74D72B-922B-4AD4-A6A2-1F9101361FFA}.Release|Any CPU.ActiveCfg = Release|Any CPU
		{ED74D72B-922B-4AD4-A6A2-1F9101361FFA}.Release|Any CPU.Build.0 = Release|Any CPU
		{5F29F3F7-2F9C-45B8-9E07-2C896D4D0D5E}.Debug|Any CPU.ActiveCfg = Debug|Any CPU
		{5F29F3F7-2F9C-45B8-9E07-2C896D4D0D5E}.Debug|Any CPU.Build.0 = Debug|Any CPU
		{5F29F3F7-2F9C-45B8-9E07-2C896D4D0D5E}.Release|Any CPU.ActiveCfg = Release|Any CPU
		{5F29F3F7-2F9C-45B8-9E07-2C896D4D0D5E}.Release|Any CPU.Build.0 = Release|Any CPU
	EndGlobalSection
	GlobalSection(SolutionProperties) = preSolution
		HideSolutionNode = FALSE
	EndGlobalSection
	GlobalSection(NestedProjects) = preSolution
		{BAF690FE-BFA0-4E61-9DE0-DCD9F1DCF2F8} = {2DDE221D-9527-4F78-9A9B-11725FAEDCD3}
		{ED74D72B-922B-4AD4-A6A2-1F9101361FFA} = {2DDE221D-9527-4F78-9A9B-11725FAEDCD3}
		{5F29F3F7-2F9C-45B8-9E07-2C896D4D0D5E} = {2DDE221D-9527-4F78-9A9B-11725FAEDCD3}
	EndGlobalSection
EndGlobal
