
Microsoft Visual Studio Solution File, Format Version 12.00
# Visual Studio 15
VisualStudioVersion = 15.0.26430.6
MinimumVisualStudioVersion = 10.0.40219.1
Project("{2150E333-8FDC-42A3-9474-1A3956D46DE8}") = "src", "src", "{2DDE221D-9527-4F78-9A9B-11725FAEDCD3}"
EndProject
Project("{9A19103F-16F7-4668-BE54-9A1E7A4F7556}") = "Directives", "src\Directives\Directives.csproj", "{BAF690FE-BFA0-4E61-9DE0-DCD9F1DCF2F8}"
EndProject
Project("{9A19103F-16F7-4668-BE54-9A1E7A4F7556}") = "Errors", "src\Errors\Errors.csproj", "{ED74D72B-922B-4AD4-A6A2-1F9101361FFA}"
EndProject
Project("{9A19103F-16F7-4668-BE54-9A1E7A4F7556}") = "Ambiguities", "src\Ambiguities\Ambiguities.csproj", "{5F29F3F7-2F9C-45B8-9E07-2C896D4D0D5E}"
EndProject
Project("{9A19103F-16F7-4668-BE54-9A1E7A4F7556}") = "Strings", "src\Strings\Strings.csproj", "{3ED1894F-D162-4282-8D37-3E6B6F3FB988}"
EndProject
Project("{9A19103F-16F7-4668-BE54-9A1E7A4F7556}") = "Combinators", "src\Combinators\Combinators.csproj", "{DEC0EAE7-78DE-4507-A97B-6967436F22A9}"
EndProject
Global
	GlobalSection(SolutionConfigurationPlatforms) = preSolution
		Debug|Any CPU = Debug|Any CPU
		Release|Any CPU = Release|Any CPU
	EndGlobalSection
	GlobalSection(ProjectConfigurationPlatforms) = postSolution
		{BAF690FE-BFA0-4E61-9DE0-DCD9F1DCF2F8}.Debug|Any CPU.ActiveCfg = Debug|Any CPU
		{BAF690FE-BFA0-4E61-9DE0-DCD9F1DCF2F8}.Debug|Any CPU.Build.0 = Debug|Any CPU
		{BAF690FE-BFA0-4E61-9DE0-DCD9F1DCF2F8}.Release|Any CPU.ActiveCfg = Release|Any CPU
		{BAF690FE-BFA0-4E61-9DE0-DCD9F1DCF2F8}.Release|Any CPU.Build.0 = Release|Any CPU
		{ED74D72B-922B-4AD4-A6A2-1F9101361FFA}.Debug|Any CPU.ActiveCfg = Debug|Any CPU
		{ED74D72B-922B-4AD4-A6A2-1F9101361FFA}.Debug|Any CPU.Build.0 = Debug|Any CPU
		{ED74D72B-922B-4AD4-A6A2-1F9101361FFA}.Release|Any CPU.ActiveCfg = Release|Any CPU
		{ED74D72B-922B-4AD4-A6A2-1F9101361FFA}.Release|Any CPU.Build.0 = Release|Any CPU
		{5F29F3F7-2F9C-45B8-9E07-2C896D4D0D5E}.Debug|Any CPU.ActiveCfg = Debug|Any CPU
		{5F29F3F7-2F9C-45B8-9E07-2C896D4D0D5E}.Debug|Any CPU.Build.0 = Debug|Any CPU
		{5F29F3F7-2F9C-45B8-9E07-2C896D4D0D5E}.Release|Any CPU.ActiveCfg = Release|Any CPU
		{5F29F3F7-2F9C-45B8-9E07-2C896D4D0D5E}.Release|Any CPU.Build.0 = Release|Any CPU
		{3ED1894F-D162-4282-8D37-3E6B6F3FB988}.Debug|Any CPU.ActiveCfg = Debug|Any CPU
		{3ED1894F-D162-4282-8D37-3E6B6F3FB988}.Debug|Any CPU.Build.0 = Debug|Any CPU
		{3ED1894F-D162-4282-8D37-3E6B6F3FB988}.Release|Any CPU.ActiveCfg = Release|Any CPU
		{3ED1894F-D162-4282-8D37-3E6B6F3FB988}.Release|Any CPU.Build.0 = Release|Any CPU
		{DEC0EAE7-78DE-4507-A97B-6967436F22A9}.Debug|Any CPU.ActiveCfg = Debug|Any CPU
		{DEC0EAE7-78DE-4507-A97B-6967436F22A9}.Debug|Any CPU.Build.0 = Debug|Any CPU
		{DEC0EAE7-78DE-4507-A97B-6967436F22A9}.Release|Any CPU.ActiveCfg = Release|Any CPU
		{DEC0EAE7-78DE-4507-A97B-6967436F22A9}.Release|Any CPU.Build.0 = Release|Any CPU
	EndGlobalSection
	GlobalSection(SolutionProperties) = preSolution
		HideSolutionNode = FALSE
	EndGlobalSection
	GlobalSection(NestedProjects) = preSolution
		{BAF690FE-BFA0-4E61-9DE0-DCD9F1DCF2F8} = {2DDE221D-9527-4F78-9A9B-11725FAEDCD3}
		{ED74D72B-922B-4AD4-A6A2-1F9101361FFA} = {2DDE221D-9527-4F78-9A9B-11725FAEDCD3}
		{5F29F3F7-2F9C-45B8-9E07-2C896D4D0D5E} = {2DDE221D-9527-4F78-9A9B-11725FAEDCD3}
		{3ED1894F-D162-4282-8D37-3E6B6F3FB988} = {2DDE221D-9527-4F78-9A9B-11725FAEDCD3}
		{DEC0EAE7-78DE-4507-A97B-6967436F22A9} = {2DDE221D-9527-4F78-9A9B-11725FAEDCD3}
	EndGlobalSection
	GlobalSection(ExtensibilityGlobals) = postSolution
		SolutionGuid = {B7244015-F9DF-4081-85BF-28749C264E8B}
	EndGlobalSection
EndGlobal
